
Microsoft Visual Studio Solution File, Format Version 12.00
# Visual Studio Version 17
VisualStudioVersion = 17.9.34728.123
MinimumVisualStudioVersion = 10.0.40219.1
Project("{D2ABAB84-BF74-430A-B69E-9DC6D40DDA17}") = "Final_College_SSAS", "Final_College_SSAS.dwproj", "{9803C529-AAEE-4B4A-A999-C24FF9DAEAE1}"
EndProject
Global
	GlobalSection(SolutionConfigurationPlatforms) = preSolution
		Development|Default = Development|Default
	EndGlobalSection
	GlobalSection(ProjectConfigurationPlatforms) = postSolution
		{9803C529-AAEE-4B4A-A999-C24FF9DAEAE1}.Development|Default.ActiveCfg = Development
		{9803C529-AAEE-4B4A-A999-C24FF9DAEAE1}.Development|Default.Build.0 = Development
		{9803C529-AAEE-4B4A-A999-C24FF9DAEAE1}.Development|Default.Deploy.0 = Development
	EndGlobalSection
	GlobalSection(SolutionProperties) = preSolution
		HideSolutionNode = FALSE
	EndGlobalSection
	GlobalSection(ExtensibilityGlobals) = postSolution
		SolutionGuid = {D9FC3265-6B97-4E80-9246-9E7546D46ABD}
	EndGlobalSection
EndGlobal
